
Microsoft Visual Studio Solution File, Format Version 12.00
# Visual Studio 15
Project("{FAE04EC0-301F-11D3-BF4B-00C04F79EFBC}") = "stgggg", "stgggg\stgggg.csproj", "{A08B6C08-ABA5-4391-A91B-BB85D59C1BC7}"
EndProject
Global
	GlobalSection(SolutionConfigurationPlatforms) = preSolution
		Debug|anycpu = Debug|anycpu
		Release|anycpu = Release|anycpu
	EndGlobalSection
	GlobalSection(ProjectConfigurationPlatforms) = postSolution
		{A08B6C08-ABA5-4391-A91B-BB85D59C1BC7}.Debug|anycpu.ActiveCfg = Debug|anycpu
		{A08B6C08-ABA5-4391-A91B-BB85D59C1BC7}.Debug|anycpu.Build.0 = Debug|anycpu
		{A08B6C08-ABA5-4391-A91B-BB85D59C1BC7}.Release|anycpu.ActiveCfg = Release|anycpu
		{A08B6C08-ABA5-4391-A91B-BB85D59C1BC7}.Release|anycpu.Build.0 = Release|anycpu
	EndGlobalSection
EndGlobal
